# THIS IS AN AUTOGENERATED FILE. DO NOT EDIT THIS FILE DIRECTLY.
# yarn lockfile v1


chai-as-promised@^7.1.1:
  version "7.1.1"
  resolved "https://registry.yarnpkg.com/chai-as-promised/-/chai-as-promised-7.1.1.tgz#08645d825deb8696ee61725dbf590c012eb00ca0"
  integrity sha512-azL6xMoi+uxu6z4rhWQ1jbdUhOMhis2PvscD/xjLqNMkv3BPPp2JyyuTHOrf9BOosGpNQ11v6BKv/g57RXbiaA==
  dependencies:
    check-error "^1.0.2"

check-error@^1.0.2:
  version "1.0.2"
  resolved "https://registry.yarnpkg.com/check-error/-/check-error-1.0.2.tgz#574d312edd88bb5dd8912e9286dd6c0aed4aac82"
  integrity sha1-V00xLt2Iu13YkS6Sht1sCu1KrII=

dirty-chai@^2.0.1:
  version "2.0.1"
  resolved "https://registry.yarnpkg.com/dirty-chai/-/dirty-chai-2.0.1.tgz#6b2162ef17f7943589da840abc96e75bda01aff3"
  integrity sha512-ys79pWKvDMowIDEPC6Fig8d5THiC0DJ2gmTeGzVAoEH18J8OzLud0Jh7I9IWg3NSk8x2UocznUuFmfHCXYZx9w==

"echo@file:fixtures/native-addon/echo":
  version "0.0.1"

q@^1.5.1:
  version "1.5.1"
  resolved "https://registry.yarnpkg.com/q/-/q-1.5.1.tgz#7e32f75b41381291d04611f1bf14109ac00651d7"
  integrity sha1-fjL3W0E4EpHQRhHxvxQQmsAGUdc=
