# THIS IS AN AUTOGENERATED FILE. DO NOT EDIT THIS FILE DIRECTLY.
# yarn lockfile v1


"@sinonjs/commons@^1", "@sinonjs/commons@^1.6.0", "@sinonjs/commons@^1.7.0", "@sinonjs/commons@^1.7.2":
  version "1.8.1"
  resolved "https://registry.yarnpkg.com/@sinonjs/commons/-/commons-1.8.1.tgz#e7df00f98a203324f6dc7cc606cad9d4a8ab2217"
  integrity sha512-892K+kWUUi3cl+LlqEWIDrhvLgdL79tECi8JZUyq6IviKy/DNhuzCRlbHUjxK89f4ypPMMaFnFuR9Ie6DoIMsw==
  dependencies:
    type-detect "4.0.8"

"@sinonjs/fake-timers@^6.0.0", "@sinonjs/fake-timers@^6.0.1":
  version "6.0.1"
  resolved "https://registry.yarnpkg.com/@sinonjs/fake-timers/-/fake-timers-6.0.1.tgz#293674fccb3262ac782c7aadfdeca86b10c75c40"
  integrity sha512-MZPUxrmFubI36XS1DI3qmI0YdN1gks62JtFZvxR67ljjSNCeK6U08Zx4msEWOXuofgqUt6zPHSi1H9fbjR/NRA==
  dependencies:
    "@sinonjs/commons" "^1.7.0"

"@sinonjs/formatio@^5.0.1":
  version "5.0.1"
  resolved "https://registry.yarnpkg.com/@sinonjs/formatio/-/formatio-5.0.1.tgz#f13e713cb3313b1ab965901b01b0828ea6b77089"
  integrity sha512-KaiQ5pBf1MpS09MuA0kp6KBQt2JUOQycqVG1NZXvzeaXe5LGFqAKueIS0bw4w0P9r7KuBSVdUk5QjXsUdu2CxQ==
  dependencies:
    "@sinonjs/commons" "^1"
    "@sinonjs/samsam" "^5.0.2"

"@sinonjs/samsam@^5.0.2", "@sinonjs/samsam@^5.1.0":
  version "5.1.0"
  resolved "https://registry.yarnpkg.com/@sinonjs/samsam/-/samsam-5.1.0.tgz#3afe719232b541bb6cf3411a4c399a188de21ec0"
  integrity sha512-42nyaQOVunX5Pm6GRJobmzbS7iLI+fhERITnETXzzwDZh+TtDr/Au3yAvXVjFmZ4wEUaE4Y3NFZfKv0bV0cbtg==
  dependencies:
    "@sinonjs/commons" "^1.6.0"
    lodash.get "^4.4.2"
    type-detect "^4.0.8"

"@sinonjs/text-encoding@^0.7.1":
  version "0.7.1"
  resolved "https://registry.yarnpkg.com/@sinonjs/text-encoding/-/text-encoding-0.7.1.tgz#8da5c6530915653f3a1f38fd5f101d8c3f8079c5"
  integrity sha512-+iTbntw2IZPb/anVDbypzfQa+ay64MW0Zo8aJ8gZPWMMK6/OubMVb6lUPMagqjOPnmtauXnFCACVl3O7ogjeqQ==

"@types/node@*":
  version "13.7.0"
  resolved "https://registry.yarnpkg.com/@types/node/-/node-13.7.0.tgz#b417deda18cf8400f278733499ad5547ed1abec4"
  integrity sha512-GnZbirvmqZUzMgkFn70c74OQpTTUcCzlhQliTzYjQMqg+hVKcDnxdL19Ne3UdYzdMA/+W3eb646FWn/ZaT1NfQ==

"@types/sinon@^9.0.4":
  version "9.0.5"
  resolved "https://registry.yarnpkg.com/@types/sinon/-/sinon-9.0.5.tgz#56b2a12662dd8c7d081cdc511af5f872cb37377f"
  integrity sha512-4CnkGdM/5/FXDGqL32JQ1ttVrGvhOoesLLF7VnTh4KdjK5N5VQOtxaylFqqTjnHx55MnD9O02Nbk5c1ELC8wlQ==
  dependencies:
    "@types/sinonjs__fake-timers" "*"

"@types/sinonjs__fake-timers@*":
  version "6.0.1"
  resolved "https://registry.yarnpkg.com/@types/sinonjs__fake-timers/-/sinonjs__fake-timers-6.0.1.tgz#681df970358c82836b42f989188d133e218c458e"
  integrity sha512-yYezQwGWty8ziyYLdZjwxyMb0CZR49h8JALHGrxjQHWlqGgc8kLdHEgWrgL0uZ29DMvEVBDnHU2Wg36zKSIUtA==

"@types/ws@^7.2.0":
  version "7.2.1"
  resolved "https://registry.yarnpkg.com/@types/ws/-/ws-7.2.1.tgz#b800f2b8aee694e2b581113643e20d79dd3b8556"
  integrity sha512-UEmRNbXFGvfs/sLncf01GuVv6U1mZP3Df0iXWx4kUlikJxbFyFADp95mDn1XDTE2mXpzzoHcKlfFcbytLq4vaA==
  dependencies:
    "@types/node" "*"

diff@^4.0.2:
  version "4.0.2"
  resolved "https://registry.yarnpkg.com/diff/-/diff-4.0.2.tgz#60f3aecb89d5fae520c11aa19efc2bb982aade7d"
  integrity sha512-58lmxKSA4BNyLz+HHMUzlOEpg09FV+ev6ZMe3vJihgdxzgcwZ8VoEEPmALCZG9LmqfVoNMMKpttIYTVG6uDY7A==

"echo@file:fixtures/native-addon/echo":
  version "0.0.1"

has-flag@^4.0.0:
  version "4.0.0"
  resolved "https://registry.yarnpkg.com/has-flag/-/has-flag-4.0.0.tgz#944771fd9c81c81265c4d6941860da06bb59479b"
  integrity sha512-EykJT/Q1KjTWctppgIAgfSO0tKVuZUjhgMr17kqTumMl6Afv3EISleU7qZUzoXDFTAHTDC4NOoG/ZxU3EvlMPQ==

isarray@0.0.1:
  version "0.0.1"
  resolved "https://registry.yarnpkg.com/isarray/-/isarray-0.0.1.tgz#8a18acfca9a8f4177e09abfc6038939b05d1eedf"
  integrity sha1-ihis/Kmo9Bd+Cav8YDiTmwXR7t8=

just-extend@^4.0.2:
  version "4.1.0"
  resolved "https://registry.yarnpkg.com/just-extend/-/just-extend-4.1.0.tgz#7278a4027d889601640ee0ce0e5a00b992467da4"
  integrity sha512-ApcjaOdVTJ7y4r08xI5wIqpvwS48Q0PBG4DJROcEkH1f8MdAiNFyFxz3xoL0LWAVwjrwPYZdVHHxhRHcx/uGLA==

lodash.get@^4.4.2:
  version "4.4.2"
  resolved "https://registry.yarnpkg.com/lodash.get/-/lodash.get-4.4.2.tgz#2d177f652fa31e939b4438d5341499dfa3825e99"
  integrity sha1-LRd/ZS+jHpObRDjVNBSZ36OCXpk=

nise@^4.0.4:
  version "4.0.4"
  resolved "https://registry.yarnpkg.com/nise/-/nise-4.0.4.tgz#d73dea3e5731e6561992b8f570be9e363c4512dd"
  integrity sha512-bTTRUNlemx6deJa+ZyoCUTRvH3liK5+N6VQZ4NIw90AgDXY6iPnsqplNFf6STcj+ePk0H/xqxnP75Lr0J0Fq3A==
  dependencies:
    "@sinonjs/commons" "^1.7.0"
    "@sinonjs/fake-timers" "^6.0.0"
    "@sinonjs/text-encoding" "^0.7.1"
    just-extend "^4.0.2"
    path-to-regexp "^1.7.0"

path-to-regexp@^1.7.0:
  version "1.8.0"
  resolved "https://registry.yarnpkg.com/path-to-regexp/-/path-to-regexp-1.8.0.tgz#887b3ba9d84393e87a0a0b9f4cb756198b53548a"
  integrity sha512-n43JRhlUKUAlibEJhPeir1ncUID16QnEjNpwzNdO3Lm4ywrBpBZ5oLD0I6br9evr1Y9JTqwRtAh7JLoOzAQdVA==
  dependencies:
    isarray "0.0.1"

q@^1.5.1:
  version "1.5.1"
  resolved "https://registry.yarnpkg.com/q/-/q-1.5.1.tgz#7e32f75b41381291d04611f1bf14109ac00651d7"
  integrity sha1-fjL3W0E4EpHQRhHxvxQQmsAGUdc=

sinon@^9.0.1:
  version "9.0.3"
  resolved "https://registry.yarnpkg.com/sinon/-/sinon-9.0.3.tgz#bffc3ec28c936332cd2a41833547b9eed201ecff"
  integrity sha512-IKo9MIM111+smz9JGwLmw5U1075n1YXeAq8YeSFlndCLhAL5KGn6bLgu7b/4AYHTV/LcEMcRm2wU2YiL55/6Pg==
  dependencies:
    "@sinonjs/commons" "^1.7.2"
    "@sinonjs/fake-timers" "^6.0.1"
    "@sinonjs/formatio" "^5.0.1"
    "@sinonjs/samsam" "^5.1.0"
    diff "^4.0.2"
    nise "^4.0.4"
    supports-color "^7.1.0"

supports-color@^7.1.0:
  version "7.2.0"
  resolved "https://registry.yarnpkg.com/supports-color/-/supports-color-7.2.0.tgz#1b7dcdcb32b8138801b3e478ba6a51caa89648da"
  integrity sha512-qpCAvRl9stuOHveKsn7HncJRvv501qIacKzQlO/+Lwxc9+0q2wLyv4Dfvt80/DPn2pqOBsJdDiogXGR9+OvwRw==
  dependencies:
    has-flag "^4.0.0"

type-detect@4.0.8, type-detect@^4.0.8:
  version "4.0.8"
  resolved "https://registry.yarnpkg.com/type-detect/-/type-detect-4.0.8.tgz#7646fb5f18871cfbb7749e69bd39a6388eb7450c"
  integrity sha512-0fr/mIH1dlO+x7TlcMy+bIDqKPsw/70tVyeHW787goQjhmqaZe10uwLujubK9q9Lg6Fiho1KUKDYz0Z7k7g5/g==

ws@^7.2.1:
  version "7.2.1"
  resolved "https://registry.yarnpkg.com/ws/-/ws-7.2.1.tgz#03ed52423cd744084b2cf42ed197c8b65a936b8e"
  integrity sha512-sucePNSafamSKoOqoNfBd8V0StlkzJKL2ZAhGQinCfNQ+oacw+Pk7lcdAElecBF2VkLNZRiIb5Oi1Q5lVUVt2A==
