# THIS IS AN AUTOGENERATED FILE. DO NOT EDIT THIS FILE DIRECTLY.
# yarn lockfile v1


"@types/node@*":
  version "13.7.0"
  resolved "https://registry.yarnpkg.com/@types/node/-/node-13.7.0.tgz#b417deda18cf8400f278733499ad5547ed1abec4"
  integrity sha512-GnZbirvmqZUzMgkFn70c74OQpTTUcCzlhQliTzYjQMqg+hVKcDnxdL19Ne3UdYzdMA/+W3eb646FWn/ZaT1NfQ==

"@types/ws@^7.2.0":
  version "7.2.1"
  resolved "https://registry.yarnpkg.com/@types/ws/-/ws-7.2.1.tgz#b800f2b8aee694e2b581113643e20d79dd3b8556"
  integrity sha512-UEmRNbXFGvfs/sLncf01GuVv6U1mZP3Df0iXWx4kUlikJxbFyFADp95mDn1XDTE2mXpzzoHcKlfFcbytLq4vaA==
  dependencies:
    "@types/node" "*"

ws@^7.2.1:
  version "7.2.1"
  resolved "https://registry.yarnpkg.com/ws/-/ws-7.2.1.tgz#03ed52423cd744084b2cf42ed197c8b65a936b8e"
  integrity sha512-sucePNSafamSKoOqoNfBd8V0StlkzJKL2ZAhGQinCfNQ+oacw+Pk7lcdAElecBF2VkLNZRiIb5Oi1Q5lVUVt2A==
